repository softprobe/ducklake
release duckdb-v1.5.6-356f7ea64d05
duckdb_version 1.5.6
linux_amd64 bd7333f6d8d6cede673ec48b9d7a36914e5fe8db3b36d08fa08507ae8b6eac65 c42e7e496d03f6bbcede4075ceaa1a918d80b3ccc7d5832f57bbb0f160afd4fe
osx_arm64 f69b54cffd1501a97b66d3537f084ad11f8cba3407d7156738ac57903a5dac77 57de080d02ef7b394bf7c4ce489392a7537cd5eeef0fcfb9a14a5474ae4f6a9e
